// !$*UTF8*$!
{
	archiveVersion = 1;
	classes = {
	};
	objectVersion = 46;
	objects = {

/* Begin PBXBuildFile section */
		0A994DC59DAC83EDA0C23F8A /* Test.swift in Sources */ = {isa = PBXBuildFile; fileRef = 47F89551BDAF0CD034EFF627 /* Test.swift */; };
		19A10BBD33553ADB5CF49667 /* Main.swift in Sources */ = {isa = PBXBuildFile; fileRef = D8BD16EE1CB1B8430412840F /* Main.swift */; };
		1B0FE053AE97481ABA8C50EA /* Cocoa.framework in Frameworks */ = {isa = PBXBuildFile; fileRef = D246F4FDB70E50396CEEEE33 /* Cocoa.framework */; };
		25AFCE16B30E9E7DA3DF01FD /* Main.swift in Sources */ = {isa = PBXBuildFile; fileRef = D8BD16EE1CB1B8430412840F /* Main.swift */; };
		58FB71588C3A838E962B252D /* Foundation.framework in Frameworks */ = {isa = PBXBuildFile; fileRef = CB43DEB4538601608B8ED1D7 /* Foundation.framework */; };
		6CDD51367C8B81BC214ADD6A /* Foundation.framework in Frameworks */ = {isa = PBXBuildFile; fileRef = 6E3A814ACDE7C1EA3148E97E /* Foundation.framework */; };
		8CF40CFF8AA3F5857927F55A /* UIKit.framework in Frameworks */ = {isa = PBXBuildFile; fileRef = 433676B385A4EC066E51E689 /* UIKit.framework */; };
		91495375C2B74888880FBE83 /* Foundation.framework in Frameworks */ = {isa = PBXBuildFile; fileRef = 6E3A814ACDE7C1EA3148E97E /* Foundation.framework */; };
		9AB89D4145D7B25FBDCB7BA1 /* Main.swift in Sources */ = {isa = PBXBuildFile; fileRef = D8BD16EE1CB1B8430412840F /* Main.swift */; };
		AC8C0E1EE54457469E5167D6 /* UIKit.framework in Frameworks */ = {isa = PBXBuildFile; fileRef = 960FE9EE3282EED6A3BD5137 /* UIKit.framework */; };
		C55C4BE5E1AA3547F0621444 /* Cocoa.framework in Frameworks */ = {isa = PBXBuildFile; fileRef = D246F4FDB70E50396CEEEE33 /* Cocoa.framework */; };
		CB747F0D7D299250CF630CA2 /* UIKit.framework in Frameworks */ = {isa = PBXBuildFile; fileRef = 433676B385A4EC066E51E689 /* UIKit.framework */; };
		D1FC896FFF8751DA95B6ACFE /* Foundation.framework in Frameworks */ = {isa = PBXBuildFile; fileRef = 4819DF27666282E478FB458A /* Foundation.framework */; };
		D97474FA6348E42602ECD756 /* Test.swift in Sources */ = {isa = PBXBuildFile; fileRef = 47F89551BDAF0CD034EFF627 /* Test.swift */; };
		E012D9AEA31A266F2E09F80F /* UIKit.framework in Frameworks */ = {isa = PBXBuildFile; fileRef = 7E3E5635014A7E4D24583727 /* UIKit.framework */; };
		E0F5A00CCE47668B12FAFF7D /* WatchKit.framework in Frameworks */ = {isa = PBXBuildFile; fileRef = 16F283E0E4B31AF7F90D60F2 /* WatchKit.framework */; };
		EFC64A3A18EF4329D783A35C /* Main.swift in Sources */ = {isa = PBXBuildFile; fileRef = D8BD16EE1CB1B8430412840F /* Main.swift */; };
		F60CC7AE83B83D5353A200C0 /* UIKit.framework in Frameworks */ = {isa = PBXBuildFile; fileRef = 960FE9EE3282EED6A3BD5137 /* UIKit.framework */; };
		FB7AD31FC9FB4E9A0CC5FF63 /* Foundation.framework in Frameworks */ = {isa = PBXBuildFile; fileRef = 4819DF27666282E478FB458A /* Foundation.framework */; };
		FFC03F3B594C6636C349ABB7 /* Test.swift in Sources */ = {isa = PBXBuildFile; fileRef = 47F89551BDAF0CD034EFF627 /* Test.swift */; };
/* End PBXBuildFile section */

/* Begin PBXContainerItemProxy section */
		022CB22174C705EAF1C2D477 /* PBXContainerItemProxy */ = {
			isa = PBXContainerItemProxy;
			containerPortal = 99A652AC8EB4B23F1ECEC570 /* Project object */;
			proxyType = 1;
			remoteGlobalIDString = EE18193BE2C39AF9C8230775;
			remoteInfo = "Moya-Extension-Mac";
		};
		3FA3F73E602C661CE1E70DE1 /* PBXContainerItemProxy */ = {
			isa = PBXContainerItemProxy;
			containerPortal = 99A652AC8EB4B23F1ECEC570 /* Project object */;
			proxyType = 1;
			remoteGlobalIDString = EF9FFC831F41AD67FF0B601B;
			remoteInfo = "Moya-Extension-tvOS";
		};
		E70B22D796377ADB8C9153D3 /* PBXContainerItemProxy */ = {
			isa = PBXContainerItemProxy;
			containerPortal = 99A652AC8EB4B23F1ECEC570 /* Project object */;
			proxyType = 1;
			remoteGlobalIDString = 65B49A0DF59572432B8D4362;
			remoteInfo = "Moya-Extension-iOS";
		};
/* End PBXContainerItemProxy section */

/* Begin PBXFileReference section */
		16F283E0E4B31AF7F90D60F2 /* WatchKit.framework */ = {isa = PBXFileReference; lastKnownFileType = wrapper.framework; name = WatchKit.framework; path = Platforms/WatchOS.platform/Developer/SDKs/WatchOS2.0.sdk/System/Library/Frameworks/WatchKit.framework; sourceTree = DEVELOPER_DIR; };
		1AC0C4744F47EDBB1B1991D6 /* Moya-Extension-watchOS. */ = {isa = PBXFileReference; includeInIndex = 0; lastKnownFileType = file; name = "Moya-Extension-watchOS."; path = Moya_Extension.app; sourceTree = BUILT_PRODUCTS_DIR; };
		1E809FDFF0FC0E2062D66D60 /* Moya-Extension-MacTests. */ = {isa = PBXFileReference; includeInIndex = 0; lastKnownFileType = file; name = "Moya-Extension-MacTests."; path = "Moya-Extension-MacTests.xctest"; sourceTree = BUILT_PRODUCTS_DIR; };
		433676B385A4EC066E51E689 /* UIKit.framework */ = {isa = PBXFileReference; lastKnownFileType = wrapper.framework; name = UIKit.framework; path = Platforms/AppleTVOS.platform/Developer/SDKs/AppleTVOS9.0.sdk/System/Library/Frameworks/UIKit.framework; sourceTree = DEVELOPER_DIR; };
		45336FDA657789EAD77508F3 /* Moya-Extension-tvOSTests. */ = {isa = PBXFileReference; includeInIndex = 0; lastKnownFileType = file; name = "Moya-Extension-tvOSTests."; path = "Moya-Extension-tvOSTests.xctest"; sourceTree = BUILT_PRODUCTS_DIR; };
		47F89551BDAF0CD034EFF627 /* Test.swift */ = {isa = PBXFileReference; includeInIndex = 1; lastKnownFileType = sourcecode.swift; name = Test.swift; path = Tests/Test.swift; sourceTree = "<group>"; };
		4819DF27666282E478FB458A /* Foundation.framework */ = {isa = PBXFileReference; lastKnownFileType = wrapper.framework; name = Foundation.framework; path = Platforms/iPhoneOS.platform/Developer/SDKs/iPhoneOS9.0.sdk/System/Library/Frameworks/Foundation.framework; sourceTree = DEVELOPER_DIR; };
		696D8AB5895F06B4754F073E /* Moya-Extension.h */ = {isa = PBXFileReference; includeInIndex = 1; lastKnownFileType = sourcecode.c.h; name = "Moya-Extension.h"; path = "Supporting Files/Moya-Extension.h"; sourceTree = "<group>"; };
		6E3A814ACDE7C1EA3148E97E /* Foundation.framework */ = {isa = PBXFileReference; lastKnownFileType = wrapper.framework; name = Foundation.framework; path = Platforms/AppleTVOS.platform/Developer/SDKs/AppleTVOS9.0.sdk/System/Library/Frameworks/Foundation.framework; sourceTree = DEVELOPER_DIR; };
		7E3E5635014A7E4D24583727 /* UIKit.framework */ = {isa = PBXFileReference; lastKnownFileType = wrapper.framework; name = UIKit.framework; path = Platforms/WatchOS.platform/Developer/SDKs/WatchOS2.0.sdk/System/Library/Frameworks/UIKit.framework; sourceTree = DEVELOPER_DIR; };
		938B3B2A0C5BB2A5D5760890 /* Moya-Extension-iOSTests. */ = {isa = PBXFileReference; includeInIndex = 0; lastKnownFileType = file; name = "Moya-Extension-iOSTests."; path = "Moya-Extension-iOSTests.xctest"; sourceTree = BUILT_PRODUCTS_DIR; };
		960FE9EE3282EED6A3BD5137 /* UIKit.framework */ = {isa = PBXFileReference; lastKnownFileType = wrapper.framework; name = UIKit.framework; path = Platforms/iPhoneOS.platform/Developer/SDKs/iPhoneOS9.0.sdk/System/Library/Frameworks/UIKit.framework; sourceTree = DEVELOPER_DIR; };
		B2DED0B0CE17F95E63F66C9A /* Moya-Extension-iOS. */ = {isa = PBXFileReference; includeInIndex = 0; lastKnownFileType = file; name = "Moya-Extension-iOS."; path = Moya_Extension.app; sourceTree = BUILT_PRODUCTS_DIR; };
		CB43DEB4538601608B8ED1D7 /* Foundation.framework */ = {isa = PBXFileReference; lastKnownFileType = wrapper.framework; name = Foundation.framework; path = Platforms/WatchOS.platform/Developer/SDKs/WatchOS2.0.sdk/System/Library/Frameworks/Foundation.framework; sourceTree = DEVELOPER_DIR; };
		D246F4FDB70E50396CEEEE33 /* Cocoa.framework */ = {isa = PBXFileReference; lastKnownFileType = wrapper.framework; name = Cocoa.framework; path = Platforms/MacOSX.platform/Developer/SDKs/MacOSX10.11.sdk/System/Library/Frameworks/Cocoa.framework; sourceTree = DEVELOPER_DIR; };
		D8BD16EE1CB1B8430412840F /* Main.swift */ = {isa = PBXFileReference; includeInIndex = 1; lastKnownFileType = sourcecode.swift; name = Main.swift; path = Source/Main.swift; sourceTree = "<group>"; };
		E7443AD0DCEF3903084DB481 /* Moya-Extension-Mac. */ = {isa = PBXFileReference; includeInIndex = 0; lastKnownFileType = file; name = "Moya-Extension-Mac."; path = Moya_Extension.app; sourceTree = BUILT_PRODUCTS_DIR; };
		E79CB70CC5D4191BC262F373 /* Moya-Extension-tvOS. */ = {isa = PBXFileReference; includeInIndex = 0; lastKnownFileType = file; name = "Moya-Extension-tvOS."; path = Moya_Extension.app; sourceTree = BUILT_PRODUCTS_DIR; };
/* End PBXFileReference section */

/* Begin PBXFrameworksBuildPhase section */
		16693C22FAB8B90D5BA1F3F5 /* Frameworks */ = {
			isa = PBXFrameworksBuildPhase;
			buildActionMask = 2147483647;
			files = (
				58FB71588C3A838E962B252D /* Foundation.framework in Frameworks */,
				E012D9AEA31A266F2E09F80F /* UIKit.framework in Frameworks */,
				E0F5A00CCE47668B12FAFF7D /* WatchKit.framework in Frameworks */,
			);
			runOnlyForDeploymentPostprocessing = 0;
		};
		1673DF8036E759F83903C748 /* Frameworks */ = {
			isa = PBXFrameworksBuildPhase;
			buildActionMask = 2147483647;
			files = (
				91495375C2B74888880FBE83 /* Foundation.framework in Frameworks */,
				CB747F0D7D299250CF630CA2 /* UIKit.framework in Frameworks */,
			);
			runOnlyForDeploymentPostprocessing = 0;
		};
		1D53C339FD37281284CE9080 /* Frameworks */ = {
			isa = PBXFrameworksBuildPhase;
			buildActionMask = 2147483647;
			files = (
				6CDD51367C8B81BC214ADD6A /* Foundation.framework in Frameworks */,
				8CF40CFF8AA3F5857927F55A /* UIKit.framework in Frameworks */,
			);
			runOnlyForDeploymentPostprocessing = 0;
		};
		B50DEB347DF79C5EEBEDBCA9 /* Frameworks */ = {
			isa = PBXFrameworksBuildPhase;
			buildActionMask = 2147483647;
			files = (
				D1FC896FFF8751DA95B6ACFE /* Foundation.framework in Frameworks */,
				F60CC7AE83B83D5353A200C0 /* UIKit.framework in Frameworks */,
			);
			runOnlyForDeploymentPostprocessing = 0;
		};
		BAF443C2D92F087F8E6F7145 /* Frameworks */ = {
			isa = PBXFrameworksBuildPhase;
			buildActionMask = 2147483647;
			files = (
				C55C4BE5E1AA3547F0621444 /* Cocoa.framework in Frameworks */,
			);
			runOnlyForDeploymentPostprocessing = 0;
		};
		F5D2644D55906E25937A6E1E /* Frameworks */ = {
			isa = PBXFrameworksBuildPhase;
			buildActionMask = 2147483647;
			files = (
				1B0FE053AE97481ABA8C50EA /* Cocoa.framework in Frameworks */,
			);
			runOnlyForDeploymentPostprocessing = 0;
		};
		FD5B35CFA8884A421EBF6DF8 /* Frameworks */ = {
			isa = PBXFrameworksBuildPhase;
			buildActionMask = 2147483647;
			files = (
				FB7AD31FC9FB4E9A0CC5FF63 /* Foundation.framework in Frameworks */,
				AC8C0E1EE54457469E5167D6 /* UIKit.framework in Frameworks */,
			);
			runOnlyForDeploymentPostprocessing = 0;
		};
/* End PBXFrameworksBuildPhase section */

/* Begin PBXGroup section */
		0ABDE03A515F6029AA8C434D /* Frameworks */ = {
			isa = PBXGroup;
			children = (
				3B299F7DE69FB31AA458CA21 /* iOS */,
				D24A332D786042293C72C17B /* OS X */,
				B0A5C2FF7C7ACCF04B02C6D4 /* tvOS */,
				627C89FAD185D919041BA7AE /* watchOS */,
			);
			name = Frameworks;
			sourceTree = "<group>";
		};
		214C3AFF912A4C86C9DEB98B /* Tests */ = {
			isa = PBXGroup;
			children = (
				47F89551BDAF0CD034EFF627 /* Test.swift */,
			);
			name = Tests;
			sourceTree = "<group>";
		};
		2A16D6D5A1D86D18A2037A40 /* Supporting Files */ = {
			isa = PBXGroup;
			children = (
				696D8AB5895F06B4754F073E /* Moya-Extension.h */,
			);
			name = "Supporting Files";
			sourceTree = "<group>";
		};
		39D36AA948BD80735C1AFC4B = {
			isa = PBXGroup;
			children = (
				CAB260FC6930D01B5419037F /* Products */,
				0ABDE03A515F6029AA8C434D /* Frameworks */,
				214C3AFF912A4C86C9DEB98B /* Tests */,
				79A8575FB0149A675F0B2F5F /* Source */,
				2A16D6D5A1D86D18A2037A40 /* Supporting Files */,
			);
			sourceTree = "<group>";
		};
		3B299F7DE69FB31AA458CA21 /* iOS */ = {
			isa = PBXGroup;
			children = (
				4819DF27666282E478FB458A /* Foundation.framework */,
				960FE9EE3282EED6A3BD5137 /* UIKit.framework */,
			);
			name = iOS;
			sourceTree = "<group>";
		};
		627C89FAD185D919041BA7AE /* watchOS */ = {
			isa = PBXGroup;
			children = (
				CB43DEB4538601608B8ED1D7 /* Foundation.framework */,
				7E3E5635014A7E4D24583727 /* UIKit.framework */,
				16F283E0E4B31AF7F90D60F2 /* WatchKit.framework */,
			);
			name = watchOS;
			sourceTree = "<group>";
		};
		79A8575FB0149A675F0B2F5F /* Source */ = {
			isa = PBXGroup;
			children = (
				D8BD16EE1CB1B8430412840F /* Main.swift */,
			);
			name = Source;
			sourceTree = "<group>";
		};
		B0A5C2FF7C7ACCF04B02C6D4 /* tvOS */ = {
			isa = PBXGroup;
			children = (
				6E3A814ACDE7C1EA3148E97E /* Foundation.framework */,
				433676B385A4EC066E51E689 /* UIKit.framework */,
			);
			name = tvOS;
			sourceTree = "<group>";
		};
		CAB260FC6930D01B5419037F /* Products */ = {
			isa = PBXGroup;
			children = (
				938B3B2A0C5BB2A5D5760890 /* Moya-Extension-iOSTests. */,
				B2DED0B0CE17F95E63F66C9A /* Moya-Extension-iOS. */,
				1E809FDFF0FC0E2062D66D60 /* Moya-Extension-MacTests. */,
				E7443AD0DCEF3903084DB481 /* Moya-Extension-Mac. */,
				45336FDA657789EAD77508F3 /* Moya-Extension-tvOSTests. */,
				E79CB70CC5D4191BC262F373 /* Moya-Extension-tvOS. */,
				1AC0C4744F47EDBB1B1991D6 /* Moya-Extension-watchOS. */,
			);
			name = Products;
			sourceTree = "<group>";
		};
		D24A332D786042293C72C17B /* OS X */ = {
			isa = PBXGroup;
			children = (
				D246F4FDB70E50396CEEEE33 /* Cocoa.framework */,
			);
			name = "OS X";
			sourceTree = "<group>";
		};
/* End PBXGroup section */

/* Begin PBXNativeTarget section */
		400A0C5971F2E06048E3D7A3 /* Moya-Extension-iOSTests */ = {
			isa = PBXNativeTarget;
			buildConfigurationList = 31607EE30445245981E48316 /* Build configuration list for PBXNativeTarget "Moya-Extension-iOSTests" */;
			buildPhases = (
				B50DEB347DF79C5EEBEDBCA9 /* Frameworks */,
				56E6A4201325107B3291E856 /* Sources */,
			);
			buildRules = (
			);
			dependencies = (
				E922417A2412A880A282018B /* PBXTargetDependency */,
			);
			name = "Moya-Extension-iOSTests";
			productName = "Moya-Extension-iOSTests";
			productReference = 938B3B2A0C5BB2A5D5760890 /* Moya-Extension-iOSTests. */;
			productType = "com.apple.product-type.bundle.unit-test";
		};
		4F16063212040A885372CF94 /* Moya-Extension-watchOS */ = {
			isa = PBXNativeTarget;
			buildConfigurationList = 40C5C76A5D06D91DBD4A9472 /* Build configuration list for PBXNativeTarget "Moya-Extension-watchOS" */;
			buildPhases = (
				16693C22FAB8B90D5BA1F3F5 /* Frameworks */,
				9E686C0B3648E0271E0936C1 /* Sources */,
			);
			buildRules = (
			);
			dependencies = (
			);
			name = "Moya-Extension-watchOS";
			productName = "Moya-Extension-watchOS";
			productReference = 1AC0C4744F47EDBB1B1991D6 /* Moya-Extension-watchOS. */;
			productType = "com.apple.product-type.application";
		};
		65B49A0DF59572432B8D4362 /* Moya-Extension-iOS */ = {
			isa = PBXNativeTarget;
			buildConfigurationList = 61C5E085B599F087A0FD4883 /* Build configuration list for PBXNativeTarget "Moya-Extension-iOS" */;
			buildPhases = (
				FD5B35CFA8884A421EBF6DF8 /* Frameworks */,
				B7C60A90737C5FF9AB20319A /* Sources */,
			);
			buildRules = (
			);
			dependencies = (
			);
			name = "Moya-Extension-iOS";
			productName = "Moya-Extension-iOS";
			productReference = B2DED0B0CE17F95E63F66C9A /* Moya-Extension-iOS. */;
			productType = "com.apple.product-type.application";
		};
		85B563FDF8C5A6B5D28B75CC /* Moya-Extension-tvOSTests */ = {
			isa = PBXNativeTarget;
			buildConfigurationList = AE4BC7973170306E395D41F1 /* Build configuration list for PBXNativeTarget "Moya-Extension-tvOSTests" */;
			buildPhases = (
				1D53C339FD37281284CE9080 /* Frameworks */,
				801844818EAA6D6757C1AE15 /* Sources */,
			);
			buildRules = (
			);
			dependencies = (
				BDD9E05C2BADBF213FE1C4D3 /* PBXTargetDependency */,
			);
			name = "Moya-Extension-tvOSTests";
			productName = "Moya-Extension-tvOSTests";
			productReference = 45336FDA657789EAD77508F3 /* Moya-Extension-tvOSTests. */;
			productType = "com.apple.product-type.bundle.unit-test";
		};
		E5AEB8C6FA2DCCB76C2135A1 /* Moya-Extension-MacTests */ = {
			isa = PBXNativeTarget;
			buildConfigurationList = 57641BDAA78908815AF2320C /* Build configuration list for PBXNativeTarget "Moya-Extension-MacTests" */;
			buildPhases = (
				F5D2644D55906E25937A6E1E /* Frameworks */,
				AEE8F1A2F9C7BEED90A3C04C /* Sources */,
			);
			buildRules = (
			);
			dependencies = (
				8EF5756D74499002F7982E78 /* PBXTargetDependency */,
			);
			name = "Moya-Extension-MacTests";
			productName = "Moya-Extension-MacTests";
			productReference = 1E809FDFF0FC0E2062D66D60 /* Moya-Extension-MacTests. */;
			productType = "com.apple.product-type.bundle.unit-test";
		};
		EE18193BE2C39AF9C8230775 /* Moya-Extension-Mac */ = {
			isa = PBXNativeTarget;
			buildConfigurationList = 2A6323B782E3350A7D856DDF /* Build configuration list for PBXNativeTarget "Moya-Extension-Mac" */;
			buildPhases = (
				BAF443C2D92F087F8E6F7145 /* Frameworks */,
				DA24C1F613361AEFA88CCBD3 /* Sources */,
			);
			buildRules = (
			);
			dependencies = (
			);
			name = "Moya-Extension-Mac";
			productName = "Moya-Extension-Mac";
			productReference = E7443AD0DCEF3903084DB481 /* Moya-Extension-Mac. */;
			productType = "com.apple.product-type.application";
		};
		EF9FFC831F41AD67FF0B601B /* Moya-Extension-tvOS */ = {
			isa = PBXNativeTarget;
			buildConfigurationList = E8AA19E3E7E890CAD9AAA29B /* Build configuration list for PBXNativeTarget "Moya-Extension-tvOS" */;
			buildPhases = (
				1673DF8036E759F83903C748 /* Frameworks */,
				4E7CC4DE694CE1228D940972 /* Sources */,
			);
			buildRules = (
			);
			dependencies = (
			);
			name = "Moya-Extension-tvOS";
			productName = "Moya-Extension-tvOS";
			productReference = E79CB70CC5D4191BC262F373 /* Moya-Extension-tvOS. */;
			productType = "com.apple.product-type.application";
		};
/* End PBXNativeTarget section */

/* Begin PBXProject section */
		99A652AC8EB4B23F1ECEC570 /* Project object */ = {
			isa = PBXProject;
			attributes = {
				LastSwiftUpdateCheck = 0700;
				LastUpgradeCheck = 0700;
			};
			buildConfigurationList = 13BF81691583C4471EE58B26 /* Build configuration list for PBXProject "Moya-Extension" */;
			compatibilityVersion = "Xcode 3.2";
			developmentRegion = English;
			hasScannedForEncodings = 0;
			knownRegions = (
				en,
			);
			mainGroup = 39D36AA948BD80735C1AFC4B;
			productRefGroup = CAB260FC6930D01B5419037F /* Products */;
			projectDirPath = "";
			projectRoot = "";
			targets = (
				400A0C5971F2E06048E3D7A3 /* Moya-Extension-iOSTests */,
				65B49A0DF59572432B8D4362 /* Moya-Extension-iOS */,
				E5AEB8C6FA2DCCB76C2135A1 /* Moya-Extension-MacTests */,
				EE18193BE2C39AF9C8230775 /* Moya-Extension-Mac */,
				85B563FDF8C5A6B5D28B75CC /* Moya-Extension-tvOSTests */,
				EF9FFC831F41AD67FF0B601B /* Moya-Extension-tvOS */,
				4F16063212040A885372CF94 /* Moya-Extension-watchOS */,
			);
		};
/* End PBXProject section */

/* Begin PBXSourcesBuildPhase section */
		4E7CC4DE694CE1228D940972 /* Sources */ = {
			isa = PBXSourcesBuildPhase;
			buildActionMask = 2147483647;
			files = (
				9AB89D4145D7B25FBDCB7BA1 /* Main.swift in Sources */,
			);
			runOnlyForDeploymentPostprocessing = 0;
		};
		56E6A4201325107B3291E856 /* Sources */ = {
			isa = PBXSourcesBuildPhase;
			buildActionMask = 2147483647;
			files = (
				D97474FA6348E42602ECD756 /* Test.swift in Sources */,
			);
			runOnlyForDeploymentPostprocessing = 0;
		};
		801844818EAA6D6757C1AE15 /* Sources */ = {
			isa = PBXSourcesBuildPhase;
			buildActionMask = 2147483647;
			files = (
				0A994DC59DAC83EDA0C23F8A /* Test.swift in Sources */,
			);
			runOnlyForDeploymentPostprocessing = 0;
		};
		9E686C0B3648E0271E0936C1 /* Sources */ = {
			isa = PBXSourcesBuildPhase;
			buildActionMask = 2147483647;
			files = (
				25AFCE16B30E9E7DA3DF01FD /* Main.swift in Sources */,
			);
			runOnlyForDeploymentPostprocessing = 0;
		};
		AEE8F1A2F9C7BEED90A3C04C /* Sources */ = {
			isa = PBXSourcesBuildPhase;
			buildActionMask = 2147483647;
			files = (
				FFC03F3B594C6636C349ABB7 /* Test.swift in Sources */,
			);
			runOnlyForDeploymentPostprocessing = 0;
		};
		B7C60A90737C5FF9AB20319A /* Sources */ = {
			isa = PBXSourcesBuildPhase;
			buildActionMask = 2147483647;
			files = (
				EFC64A3A18EF4329D783A35C /* Main.swift in Sources */,
			);
			runOnlyForDeploymentPostprocessing = 0;
		};
		DA24C1F613361AEFA88CCBD3 /* Sources */ = {
			isa = PBXSourcesBuildPhase;
			buildActionMask = 2147483647;
			files = (
				19A10BBD33553ADB5CF49667 /* Main.swift in Sources */,
			);
			runOnlyForDeploymentPostprocessing = 0;
		};
/* End PBXSourcesBuildPhase section */

/* Begin PBXTargetDependency section */
		8EF5756D74499002F7982E78 /* PBXTargetDependency */ = {
			isa = PBXTargetDependency;
			name = "Moya-Extension-Mac";
			target = EE18193BE2C39AF9C8230775 /* Moya-Extension-Mac */;
			targetProxy = 022CB22174C705EAF1C2D477 /* PBXContainerItemProxy */;
		};
		BDD9E05C2BADBF213FE1C4D3 /* PBXTargetDependency */ = {
			isa = PBXTargetDependency;
			name = "Moya-Extension-tvOS";
			target = EF9FFC831F41AD67FF0B601B /* Moya-Extension-tvOS */;
			targetProxy = 3FA3F73E602C661CE1E70DE1 /* PBXContainerItemProxy */;
		};
		E922417A2412A880A282018B /* PBXTargetDependency */ = {
			isa = PBXTargetDependency;
			name = "Moya-Extension-iOS";
			target = 65B49A0DF59572432B8D4362 /* Moya-Extension-iOS */;
			targetProxy = E70B22D796377ADB8C9153D3 /* PBXContainerItemProxy */;
		};
/* End PBXTargetDependency section */

/* Begin XCBuildConfiguration section */
		0B56EA107BFBB8C443BC54AA /* Debug */ = {
			isa = XCBuildConfiguration;
			buildSettings = {
				BUNDLE_LOADER = "$(TEST_HOST)";
				ENABLE_BITCODE = YES;
				ENABLE_STRICT_OBJC_MSGSEND = YES;
				INFOPLIST_FILE = "Supporting Files/Info.plist";
				IPHONEOS_DEPLOYMENT_TARGET = 8.0;
				LD_RUNPATH_SEARCH_PATHS = "$(inherited) @executable_path/Frameworks @loader_path/Frameworks";
				MTL_ENABLE_DEBUG_INFO = YES;
				PRODUCT_NAME = "$(TARGET_NAME)";
				SDKROOT = iphoneos;
				TEST_HOST = "$(BUILT_PRODUCTS_DIR)/Moya-Extension-iOS.app/Moya-Extension-iOS";
			};
			name = Debug;
		};
		0D59CC37B68DBDBA66BE2E23 /* Release */ = {
			isa = XCBuildConfiguration;
			buildSettings = {
				ASSETCATALOG_COMPILER_APPICON_NAME = AppIcon;
				CODE_SIGN_IDENTITY = "-";
				COMBINE_HIDPI_IMAGES = YES;
				DEBUG_INFORMATION_FORMAT = "dwarf-with-dsym";
				ENABLE_STRICT_OBJC_MSGSEND = YES;
				INFOPLIST_FILE = "Supporting Files/Info.plist";
				LD_RUNPATH_SEARCH_PATHS = "$(inherited) @executable_path/../Frameworks";
				MACOSX_DEPLOYMENT_TARGET = 10.9;
				MTL_ENABLE_DEBUG_INFO = NO;
				PRODUCT_BUNDLE_IDENTIFIER = com.moya.extension;
				PRODUCT_NAME = "${RAW_PRODUCT_NAME:identifier}";
				RAW_PRODUCT_NAME = "Moya-Extension";
				SDKROOT = macosx;
			};
			name = Release;
		};
		3BEB4F1948F7972905E3A647 /* Debug */ = {
			isa = XCBuildConfiguration;
			buildSettings = {
				ALWAYS_SEARCH_USER_PATHS = NO;
				CLANG_CXX_LANGUAGE_STANDARD = "gnu++0x";
				CLANG_CXX_LIBRARY = "libc++";
				CLANG_ENABLE_MODULES = YES;
				CLANG_ENABLE_OBJC_ARC = YES;
				CLANG_WARN_BOOL_CONVERSION = YES;
				CLANG_WARN_CONSTANT_CONVERSION = YES;
				CLANG_WARN_DIRECT_OBJC_ISA_USAGE = YES;
				CLANG_WARN_EMPTY_BODY = YES;
				CLANG_WARN_ENUM_CONVERSION = YES;
				CLANG_WARN_INT_CONVERSION = YES;
				CLANG_WARN_OBJC_ROOT_CLASS = YES;
				CLANG_WARN_UNREACHABLE_CODE = YES;
				CLANG_WARN__DUPLICATE_METHOD_MATCH = YES;
				COPY_PHASE_STRIP = NO;
				GCC_C_LANGUAGE_STANDARD = gnu99;
				GCC_DYNAMIC_NO_PIC = NO;
				GCC_OPTIMIZATION_LEVEL = 0;
				GCC_PREPROCESSOR_DEFINITIONS = (
					"DEBUG=1",
					"$(inherited)",
				);
				GCC_SYMBOLS_PRIVATE_EXTERN = NO;
				GCC_WARN_64_TO_32_BIT_CONVERSION = YES;
				GCC_WARN_ABOUT_RETURN_TYPE = YES;
				GCC_WARN_UNDECLARED_SELECTOR = YES;
				GCC_WARN_UNINITIALIZED_AUTOS = YES;
				GCC_WARN_UNUSED_FUNCTION = YES;
				GCC_WARN_UNUSED_VARIABLE = YES;
				ONLY_ACTIVE_ARCH = YES;
			};
			name = Debug;
		};
		45DAFC678C5DA32E387C7FA5 /* Debug */ = {
			isa = XCBuildConfiguration;
			buildSettings = {
				BUNDLE_LOADER = "$(TEST_HOST)";
				COMBINE_HIDPI_IMAGES = YES;
				ENABLE_STRICT_OBJC_MSGSEND = YES;
				INFOPLIST_FILE = "Supporting Files/Info.plist";
				LD_RUNPATH_SEARCH_PATHS = "$(inherited) @executable_path/../Frameworks @loader_path/../Frameworks";
				MACOSX_DEPLOYMENT_TARGET = 10.9;
				MTL_ENABLE_DEBUG_INFO = YES;
				PRODUCT_NAME = "$(TARGET_NAME)";
				SDKROOT = macosx;
				TEST_HOST = "$(BUILT_PRODUCTS_DIR)/Moya-Extension-Mac.app/Moya-Extension-Mac";
			};
			name = Debug;
		};
		49E350B1570D04A67FF7EB2C /* Debug */ = {
			isa = XCBuildConfiguration;
			buildSettings = {
				ASSETCATALOG_COMPILER_APPICON_NAME = AppIcon;
				"CODE_SIGN_IDENTITY[sdk=iphoneos*]" = "iPhone Developer";
				ENABLE_BITCODE = YES;
				ENABLE_STRICT_OBJC_MSGSEND = YES;
				ENABLE_TESTABILITY = YES;
				INFOPLIST_FILE = "Supporting Files/Info.plist";
				IPHONEOS_DEPLOYMENT_TARGET = 8.0;
				LD_RUNPATH_SEARCH_PATHS = "$(inherited) @executable_path/Frameworks";
				MTL_ENABLE_DEBUG_INFO = YES;
				PRODUCT_BUNDLE_IDENTIFIER = com.moya.extension;
				PRODUCT_NAME = "${RAW_PRODUCT_NAME:identifier}";
				RAW_PRODUCT_NAME = "Moya-Extension";
				SDKROOT = iphoneos;
				SWIFT_OPTIMIZATION_LEVEL = "-Onone";
			};
			name = Debug;
		};
		6782B42C3443D6B78286CA18 /* Debug */ = {
			isa = XCBuildConfiguration;
			buildSettings = {
				ASSETCATALOG_COMPILER_APPICON_NAME = AppIcon;
				ENABLE_BITCODE = YES;
				ENABLE_STRICT_OBJC_MSGSEND = YES;
				ENABLE_TESTABILITY = YES;
				INFOPLIST_FILE = "Supporting Files/Info.plist";
				MTL_ENABLE_DEBUG_INFO = YES;
				PRODUCT_BUNDLE_IDENTIFIER = com.moya.extension;
				PRODUCT_NAME = "${RAW_PRODUCT_NAME:identifier}";
				RAW_PRODUCT_NAME = "Moya-Extension";
				SDKROOT = appletvos;
				SWIFT_OPTIMIZATION_LEVEL = "-Onone";
				TVOS_DEPLOYMENT_TARGET = 9.0;
			};
			name = Debug;
		};
		8290F7C8D133E2DAF06B309D /* Release */ = {
			isa = XCBuildConfiguration;
			buildSettings = {
				BUNDLE_LOADER = "$(TEST_HOST)";
				COMBINE_HIDPI_IMAGES = YES;
				DEBUG_INFORMATION_FORMAT = "dwarf-with-dsym";
				ENABLE_STRICT_OBJC_MSGSEND = YES;
				INFOPLIST_FILE = "Supporting Files/Info.plist";
				LD_RUNPATH_SEARCH_PATHS = "$(inherited) @executable_path/../Frameworks @loader_path/../Frameworks";
				MACOSX_DEPLOYMENT_TARGET = 10.9;
				MTL_ENABLE_DEBUG_INFO = NO;
				PRODUCT_NAME = "$(TARGET_NAME)";
				SDKROOT = macosx;
				TEST_HOST = "$(BUILT_PRODUCTS_DIR)/Moya-Extension-Mac.app/Moya-Extension-Mac";
			};
			name = Release;
		};
		858E24C44EC5E7423DCAA332 /* Release */ = {
			isa = XCBuildConfiguration;
			buildSettings = {
				BUNDLE_LOADER = "$(TEST_HOST)";
				ENABLE_BITCODE = YES;
				ENABLE_STRICT_OBJC_MSGSEND = YES;
				INFOPLIST_FILE = "Supporting Files/Info.plist";
				IPHONEOS_DEPLOYMENT_TARGET = 8.0;
				LD_RUNPATH_SEARCH_PATHS = "$(inherited) @executable_path/Frameworks @loader_path/Frameworks";
				MTL_ENABLE_DEBUG_INFO = NO;
				PRODUCT_NAME = "$(TARGET_NAME)";
				SDKROOT = iphoneos;
				TEST_HOST = "$(BUILT_PRODUCTS_DIR)/Moya-Extension-iOS.app/Moya-Extension-iOS";
			};
			name = Release;
		};
		899FDB7E977942973CB16CFE /* Release */ = {
			isa = XCBuildConfiguration;
			buildSettings = {
				ASSETCATALOG_COMPILER_APPICON_NAME = AppIcon;
				"CODE_SIGN_IDENTITY[sdk=iphoneos*]" = "iPhone Developer";
				ENABLE_BITCODE = YES;
				ENABLE_STRICT_OBJC_MSGSEND = YES;
				INFOPLIST_FILE = "Supporting Files/Info.plist";
				IPHONEOS_DEPLOYMENT_TARGET = 8.0;
				LD_RUNPATH_SEARCH_PATHS = "$(inherited) @executable_path/Frameworks";
				MTL_ENABLE_DEBUG_INFO = NO;
				PRODUCT_BUNDLE_IDENTIFIER = com.moya.extension;
				PRODUCT_NAME = "${RAW_PRODUCT_NAME:identifier}";
				RAW_PRODUCT_NAME = "Moya-Extension";
				SDKROOT = iphoneos;
			};
			name = Release;
		};
		91D5E8A83595E1EBC4EE7BD3 /* Release */ = {
			isa = XCBuildConfiguration;
			buildSettings = {
				ASSETCATALOG_COMPILER_APPICON_NAME = AppIcon;
				ENABLE_BITCODE = YES;
				ENABLE_STRICT_OBJC_MSGSEND = YES;
				INFOPLIST_FILE = "Supporting Files/Info.plist";
				MTL_ENABLE_DEBUG_INFO = NO;
				PRODUCT_BUNDLE_IDENTIFIER = com.moya.extension;
				PRODUCT_NAME = "${RAW_PRODUCT_NAME:identifier}";
				RAW_PRODUCT_NAME = "Moya-Extension";
				SDKROOT = watchos;
				WATCHOS_DEPLOYMENT_TARGET = 2.0;
			};
			name = Release;
		};
		A2EE9CAC032605A6D09C8D49 /* Release */ = {
			isa = XCBuildConfiguration;
			buildSettings = {
				BUNDLE_LOADER = "$(TEST_HOST)";
				ENABLE_BITCODE = YES;
				ENABLE_STRICT_OBJC_MSGSEND = YES;
				INFOPLIST_FILE = "Supporting Files/Info.plist";
				LD_RUNPATH_SEARCH_PATHS = "$(inherited) @executable_path/Frameworks @loader_path/Frameworks";
				MTL_ENABLE_DEBUG_INFO = NO;
				PRODUCT_NAME = "$(TARGET_NAME)";
				SDKROOT = appletvos;
				TEST_HOST = "$(BUILT_PRODUCTS_DIR)/Moya-Extension-tvOS.app/Moya-Extension-tvOS";
				TVOS_DEPLOYMENT_TARGET = 9.0;
			};
			name = Release;
		};
		AFA93DE2CF3D921D0632C1A4 /* Release */ = {
			isa = XCBuildConfiguration;
			buildSettings = {
				ASSETCATALOG_COMPILER_APPICON_NAME = AppIcon;
				ENABLE_BITCODE = YES;
				ENABLE_STRICT_OBJC_MSGSEND = YES;
				INFOPLIST_FILE = "Supporting Files/Info.plist";
				MTL_ENABLE_DEBUG_INFO = NO;
				PRODUCT_BUNDLE_IDENTIFIER = com.moya.extension;
				PRODUCT_NAME = "${RAW_PRODUCT_NAME:identifier}";
				RAW_PRODUCT_NAME = "Moya-Extension";
				SDKROOT = appletvos;
				TVOS_DEPLOYMENT_TARGET = 9.0;
			};
			name = Release;
		};
		C183A5272D005101BB86CE4F /* Debug */ = {
			isa = XCBuildConfiguration;
			buildSettings = {
				ASSETCATALOG_COMPILER_APPICON_NAME = AppIcon;
				CODE_SIGN_IDENTITY = "-";
				COMBINE_HIDPI_IMAGES = YES;
				ENABLE_STRICT_OBJC_MSGSEND = YES;
				ENABLE_TESTABILITY = YES;
				INFOPLIST_FILE = "Supporting Files/Info.plist";
				LD_RUNPATH_SEARCH_PATHS = "$(inherited) @executable_path/../Frameworks";
				MACOSX_DEPLOYMENT_TARGET = 10.9;
				MTL_ENABLE_DEBUG_INFO = YES;
				PRODUCT_BUNDLE_IDENTIFIER = com.moya.extension;
				PRODUCT_NAME = "${RAW_PRODUCT_NAME:identifier}";
				RAW_PRODUCT_NAME = "Moya-Extension";
				SDKROOT = macosx;
				SWIFT_OPTIMIZATION_LEVEL = "-Onone";
			};
			name = Debug;
		};
		C52350E056E1ADA7484716B9 /* Release */ = {
			isa = XCBuildConfiguration;
			buildSettings = {
				ALWAYS_SEARCH_USER_PATHS = NO;
				CLANG_CXX_LANGUAGE_STANDARD = "gnu++0x";
				CLANG_CXX_LIBRARY = "libc++";
				CLANG_ENABLE_MODULES = YES;
				CLANG_ENABLE_OBJC_ARC = YES;
				CLANG_WARN_BOOL_CONVERSION = YES;
				CLANG_WARN_CONSTANT_CONVERSION = YES;
				CLANG_WARN_DIRECT_OBJC_ISA_USAGE = YES;
				CLANG_WARN_EMPTY_BODY = YES;
				CLANG_WARN_ENUM_CONVERSION = YES;
				CLANG_WARN_INT_CONVERSION = YES;
				CLANG_WARN_OBJC_ROOT_CLASS = YES;
				CLANG_WARN_UNREACHABLE_CODE = YES;
				CLANG_WARN__DUPLICATE_METHOD_MATCH = YES;
				COPY_PHASE_STRIP = YES;
				ENABLE_NS_ASSERTIONS = NO;
				GCC_C_LANGUAGE_STANDARD = gnu99;
				GCC_WARN_64_TO_32_BIT_CONVERSION = YES;
				GCC_WARN_ABOUT_RETURN_TYPE = YES;
				GCC_WARN_UNDECLARED_SELECTOR = YES;
				GCC_WARN_UNINITIALIZED_AUTOS = YES;
				GCC_WARN_UNUSED_FUNCTION = YES;
				GCC_WARN_UNUSED_VARIABLE = YES;
				VALIDATE_PRODUCT = YES;
			};
			name = Release;
		};
		E090C2DAB12229C851F95DCA /* Debug */ = {
			isa = XCBuildConfiguration;
			buildSettings = {
				BUNDLE_LOADER = "$(TEST_HOST)";
				ENABLE_BITCODE = YES;
				ENABLE_STRICT_OBJC_MSGSEND = YES;
				INFOPLIST_FILE = "Supporting Files/Info.plist";
				LD_RUNPATH_SEARCH_PATHS = "$(inherited) @executable_path/Frameworks @loader_path/Frameworks";
				MTL_ENABLE_DEBUG_INFO = YES;
				PRODUCT_NAME = "$(TARGET_NAME)";
				SDKROOT = appletvos;
				TEST_HOST = "$(BUILT_PRODUCTS_DIR)/Moya-Extension-tvOS.app/Moya-Extension-tvOS";
				TVOS_DEPLOYMENT_TARGET = 9.0;
			};
			name = Debug;
		};
		EAA0CD385A10C58D67D947E3 /* Debug */ = {
			isa = XCBuildConfiguration;
			buildSettings = {
				ASSETCATALOG_COMPILER_APPICON_NAME = AppIcon;
				ENABLE_BITCODE = YES;
				ENABLE_STRICT_OBJC_MSGSEND = YES;
				ENABLE_TESTABILITY = YES;
				INFOPLIST_FILE = "Supporting Files/Info.plist";
				MTL_ENABLE_DEBUG_INFO = YES;
				PRODUCT_BUNDLE_IDENTIFIER = com.moya.extension;
				PRODUCT_NAME = "${RAW_PRODUCT_NAME:identifier}";
				RAW_PRODUCT_NAME = "Moya-Extension";
				SDKROOT = watchos;
				SWIFT_OPTIMIZATION_LEVEL = "-Onone";
				WATCHOS_DEPLOYMENT_TARGET = 2.0;
			};
			name = Debug;
		};
/* End XCBuildConfiguration section */

/* Begin XCConfigurationList section */
		13BF81691583C4471EE58B26 /* Build configuration list for PBXProject "Moya-Extension" */ = {
			isa = XCConfigurationList;
			buildConfigurations = (
				3BEB4F1948F7972905E3A647 /* Debug */,
				C52350E056E1ADA7484716B9 /* Release */,
			);
			defaultConfigurationIsVisible = 0;
			defaultConfigurationName = Release;
		};
		2A6323B782E3350A7D856DDF /* Build configuration list for PBXNativeTarget "Moya-Extension-Mac" */ = {
			isa = XCConfigurationList;
			buildConfigurations = (
				C183A5272D005101BB86CE4F /* Debug */,
				0D59CC37B68DBDBA66BE2E23 /* Release */,
			);
			defaultConfigurationIsVisible = 1;
			defaultConfigurationName = Release;
		};
		31607EE30445245981E48316 /* Build configuration list for PBXNativeTarget "Moya-Extension-iOSTests" */ = {
			isa = XCConfigurationList;
			buildConfigurations = (
				0B56EA107BFBB8C443BC54AA /* Debug */,
				858E24C44EC5E7423DCAA332 /* Release */,
			);
			defaultConfigurationIsVisible = 1;
			defaultConfigurationName = Release;
		};
		40C5C76A5D06D91DBD4A9472 /* Build configuration list for PBXNativeTarget "Moya-Extension-watchOS" */ = {
			isa = XCConfigurationList;
			buildConfigurations = (
				EAA0CD385A10C58D67D947E3 /* Debug */,
				91D5E8A83595E1EBC4EE7BD3 /* Release */,
			);
			defaultConfigurationIsVisible = 1;
			defaultConfigurationName = Release;
		};
		57641BDAA78908815AF2320C /* Build configuration list for PBXNativeTarget "Moya-Extension-MacTests" */ = {
			isa = XCConfigurationList;
			buildConfigurations = (
				45DAFC678C5DA32E387C7FA5 /* Debug */,
				8290F7C8D133E2DAF06B309D /* Release */,
			);
			defaultConfigurationIsVisible = 1;
			defaultConfigurationName = Release;
		};
		61C5E085B599F087A0FD4883 /* Build configuration list for PBXNativeTarget "Moya-Extension-iOS" */ = {
			isa = XCConfigurationList;
			buildConfigurations = (
				49E350B1570D04A67FF7EB2C /* Debug */,
				899FDB7E977942973CB16CFE /* Release */,
			);
			defaultConfigurationIsVisible = 1;
			defaultConfigurationName = Release;
		};
		AE4BC7973170306E395D41F1 /* Build configuration list for PBXNativeTarget "Moya-Extension-tvOSTests" */ = {
			isa = XCConfigurationList;
			buildConfigurations = (
				E090C2DAB12229C851F95DCA /* Debug */,
				A2EE9CAC032605A6D09C8D49 /* Release */,
			);
			defaultConfigurationIsVisible = 1;
			defaultConfigurationName = Release;
		};
		E8AA19E3E7E890CAD9AAA29B /* Build configuration list for PBXNativeTarget "Moya-Extension-tvOS" */ = {
			isa = XCConfigurationList;
			buildConfigurations = (
				6782B42C3443D6B78286CA18 /* Debug */,
				AFA93DE2CF3D921D0632C1A4 /* Release */,
			);
			defaultConfigurationIsVisible = 1;
			defaultConfigurationName = Release;
		};
/* End XCConfigurationList section */
	};
	rootObject = 99A652AC8EB4B23F1ECEC570 /* Project object */;
}
